
Microsoft Visual Studio Solution File, Format Version 12.00
# Visual Studio 15
Project("{FAE04EC0-301F-11D3-BF4B-00C04F79EFBC}") = "Xamarinapptest1.Android", "Xamarinapptest1.Android\Xamarinapptest1.Android.csproj", "{E92ADBA9-5576-40D4-B5FA-A58984D4D976}"
EndProject
Project("{FAE04EC0-301F-11D3-BF4B-00C04F79EFBC}") = "Xamarinapptest1.iOS", "Xamarinapptest1.iOS\Xamarinapptest1.iOS.csproj", "{52336D03-0238-4F80-99DF-4245FDC13EC0}"
EndProject
Project("{FAE04EC0-301F-11D3-BF4B-00C04F79EFBC}") = "Xamarinapptest1", "Xamarinapptest1\Xamarinapptest1.csproj", "{47C845E9-3315-40CD-B37B-937609CFD294}"
EndProject
Global
	GlobalSection(SolutionConfigurationPlatforms) = preSolution
		Debug|Any CPU = Debug|Any CPU
		Release|Any CPU = Release|Any CPU
		Debug|iPhoneSimulator = Debug|iPhoneSimulator
		Release|iPhoneSimulator = Release|iPhoneSimulator
		Debug|iPhone = Debug|iPhone
		Release|iPhone = Release|iPhone
	EndGlobalSection
	GlobalSection(ProjectConfigurationPlatforms) = postSolution
		{E92ADBA9-5576-40D4-B5FA-A58984D4D976}.Debug|Any CPU.ActiveCfg = Debug|Any CPU
		{E92ADBA9-5576-40D4-B5FA-A58984D4D976}.Debug|Any CPU.Build.0 = Debug|Any CPU
		{E92ADBA9-5576-40D4-B5FA-A58984D4D976}.Release|Any CPU.ActiveCfg = Release|Any CPU
		{E92ADBA9-5576-40D4-B5FA-A58984D4D976}.Release|Any CPU.Build.0 = Release|Any CPU
		{E92ADBA9-5576-40D4-B5FA-A58984D4D976}.Debug|iPhoneSimulator.ActiveCfg = Debug|Any CPU
		{E92ADBA9-5576-40D4-B5FA-A58984D4D976}.Debug|iPhoneSimulator.Build.0 = Debug|Any CPU
		{E92ADBA9-5576-40D4-B5FA-A58984D4D976}.Release|iPhoneSimulator.ActiveCfg = Release|Any CPU
		{E92ADBA9-5576-40D4-B5FA-A58984D4D976}.Release|iPhoneSimulator.Build.0 = Release|Any CPU
		{E92ADBA9-5576-40D4-B5FA-A58984D4D976}.Debug|iPhone.ActiveCfg = Debug|Any CPU
		{E92ADBA9-5576-40D4-B5FA-A58984D4D976}.Debug|iPhone.Build.0 = Debug|Any CPU
		{E92ADBA9-5576-40D4-B5FA-A58984D4D976}.Release|iPhone.ActiveCfg = Release|Any CPU
		{E92ADBA9-5576-40D4-B5FA-A58984D4D976}.Release|iPhone.Build.0 = Release|Any CPU
		{52336D03-0238-4F80-99DF-4245FDC13EC0}.Debug|Any CPU.ActiveCfg = Debug|iPhoneSimulator
		{52336D03-0238-4F80-99DF-4245FDC13EC0}.Debug|Any CPU.Build.0 = Debug|iPhoneSimulator
		{52336D03-0238-4F80-99DF-4245FDC13EC0}.Release|Any CPU.ActiveCfg = Release|iPhoneSimulator
		{52336D03-0238-4F80-99DF-4245FDC13EC0}.Release|Any CPU.Build.0 = Release|iPhoneSimulator
		{52336D03-0238-4F80-99DF-4245FDC13EC0}.Debug|iPhoneSimulator.ActiveCfg = Debug|iPhoneSimulator
		{52336D03-0238-4F80-99DF-4245FDC13EC0}.Debug|iPhoneSimulator.Build.0 = Debug|iPhoneSimulator
		{52336D03-0238-4F80-99DF-4245FDC13EC0}.Release|iPhoneSimulator.ActiveCfg = Release|iPhoneSimulator
		{52336D03-0238-4F80-99DF-4245FDC13EC0}.Release|iPhoneSimulator.Build.0 = Release|iPhoneSimulator
		{52336D03-0238-4F80-99DF-4245FDC13EC0}.Debug|iPhone.ActiveCfg = Debug|iPhone
		{52336D03-0238-4F80-99DF-4245FDC13EC0}.Debug|iPhone.Build.0 = Debug|iPhone
		{52336D03-0238-4F80-99DF-4245FDC13EC0}.Release|iPhone.ActiveCfg = Release|iPhone
		{52336D03-0238-4F80-99DF-4245FDC13EC0}.Release|iPhone.Build.0 = Release|iPhone
		{47C845E9-3315-40CD-B37B-937609CFD294}.Debug|Any CPU.ActiveCfg = Debug|Any CPU
		{47C845E9-3315-40CD-B37B-937609CFD294}.Debug|Any CPU.Build.0 = Debug|Any CPU
		{47C845E9-3315-40CD-B37B-937609CFD294}.Release|Any CPU.ActiveCfg = Release|Any CPU
		{47C845E9-3315-40CD-B37B-937609CFD294}.Release|Any CPU.Build.0 = Release|Any CPU
		{47C845E9-3315-40CD-B37B-937609CFD294}.Debug|iPhoneSimulator.ActiveCfg = Debug|Any CPU
		{47C845E9-3315-40CD-B37B-937609CFD294}.Debug|iPhoneSimulator.Build.0 = Debug|Any CPU
		{47C845E9-3315-40CD-B37B-937609CFD294}.Release|iPhoneSimulator.ActiveCfg = Release|Any CPU
		{47C845E9-3315-40CD-B37B-937609CFD294}.Release|iPhoneSimulator.Build.0 = Release|Any CPU
		{47C845E9-3315-40CD-B37B-937609CFD294}.Debug|iPhone.ActiveCfg = Debug|Any CPU
		{47C845E9-3315-40CD-B37B-937609CFD294}.Debug|iPhone.Build.0 = Debug|Any CPU
		{47C845E9-3315-40CD-B37B-937609CFD294}.Release|iPhone.ActiveCfg = Release|Any CPU
		{47C845E9-3315-40CD-B37B-937609CFD294}.Release|iPhone.Build.0 = Release|Any CPU
	EndGlobalSection
EndGlobal
